// !$*UTF8*$!
{
	archiveVersion = 1;
	classes = {};
	objectVersion = 56;
	objects = {

/* Begin PBXBuildFile section */
		0A1B2C3D4E5F60718293A4B7 /* App.swift in Sources */ = {isa = PBXBuildFile; fileRef = 0A1B2C3D4E5F60718293A4B5 /* App.swift */; };
		0A1B2C3D4E5F60718293A4B8 /* ContentView.swift in Sources */ = {isa = PBXBuildFile; fileRef = 0A1B2C3D4E5F60718293A4B6 /* ContentView.swift */; };
/* End PBXBuildFile section */

/* Begin PBXFileReference section */
		0A1B2C3D4E5F60718293A4B1 /* InterpolationApp.app */ = {isa = PBXFileReference; explicitFileType = wrapper.application; includeInIndex = 0; path = InterpolationApp.app; sourceTree = BUILT_PRODUCTS_DIR; };
		0A1B2C3D4E5F60718293A4B5 /* App.swift */ = {isa = PBXFileReference; lastKnownFileType = sourcecode.swift; path = App.swift; sourceTree = "<group>"; };
		0A1B2C3D4E5F60718293A4B6 /* ContentView.swift */ = {isa = PBXFileReference; lastKnownFileType = sourcecode.swift; path = ContentView.swift; sourceTree = "<group>"; };
		0A1B2C3D4E5F60718293A4B9 /* Info.plist */ = {isa = PBXFileReference; lastKnownFileType = text.plist.xml; path = Info.plist; sourceTree = "<group>"; };
/* End PBXFileReference section */

/* Begin PBXFrameworksBuildPhase section */
		0A1B2C3D4E5F60718293A4BA /* Frameworks */ = {
			isa = PBXFrameworksBuildPhase;
			buildActionMask = 2147483647;
			files = ();
			runOnlyForDeploymentPostprocessing = 0;
		};
/* End PBXFrameworksBuildPhase section */

/* Begin PBXGroup section */
		0A1B2C3D4E5F60718293A4BB = {
			isa = PBXGroup;
			children = (
				0A1B2C3D4E5F60718293A4BC /* InterpolationApp */,
				0A1B2C3D4E5F60718293A4BD /* Products */,
			);
			sourceTree = "<group>";
		};
		0A1B2C3D4E5F60718293A4BC /* InterpolationApp */ = {
			isa = PBXGroup;
			children = (
				0A1B2C3D4E5F60718293A4B5 /* App.swift */,
				0A1B2C3D4E5F60718293A4B6 /* ContentView.swift */,
				0A1B2C3D4E5F60718293A4B9 /* Info.plist */,
			);
			path = InterpolationApp;
			sourceTree = "<group>";
		};
		0A1B2C3D4E5F60718293A4BD /* Products */ = {
			isa = PBXGroup;
			children = (
				0A1B2C3D4E5F60718293A4B1 /* InterpolationApp.app */,
			);
			name = Products;
			sourceTree = "<group>";
		};
/* End PBXGroup section */

/* Begin PBXNativeTarget section */
		0A1B2C3D4E5F60718293A4BE /* InterpolationApp */ = {
			isa = PBXNativeTarget;
			buildConfigurationList = 0A1B2C3D4E5F60718293A4BF /* Build configuration list for PBXNativeTarget \"InterpolationApp\" */;
			buildPhases = (
				0A1B2C3D4E5F60718293A4C0 /* Sources */,
				0A1B2C3D4E5F60718293A4BA /* Frameworks */,
				0A1B2C3D4E5F60718293A4C1 /* Resources */,
			);
			buildRules = ();
			dependencies = ();
			name = InterpolationApp;
			productName = InterpolationApp;
			productReference = 0A1B2C3D4E5F60718293A4B1 /* InterpolationApp.app */;
			productType = "com.apple.product-type.application";
		};
/* End PBXNativeTarget section */

/* Begin PBXProject section */
		0A1B2C3D4E5F60718293A4C2 /* Project object */ = {
			isa = PBXProject;
			attributes = {
				LastSwiftUpdateCheck = 1600;
				LastUpgradeCheck = 1600;
				TargetAttributes = {
					0A1B2C3D4E5F60718293A4BE = {
						CreatedOnToolsVersion = 16.0;
					};
				};
			};
			buildConfigurationList = 0A1B2C3D4E5F60718293A4C3 /* Build configuration list for PBXProject \"InterpolationApp\" */;
			compatibilityVersion = "Xcode 15.0";
			developmentRegion = en;
			hasScannedForEncodings = 0;
			knownRegions = (
				en,
				Base,
			);
			mainGroup = 0A1B2C3D4E5F60718293A4BB;
			productRefGroup = 0A1B2C3D4E5F60718293A4BD /* Products */;
			projectDirPath = "";
			projectRoot = "";
			targets = (
				0A1B2C3D4E5F60718293A4BE /* InterpolationApp */,
			);
		};
/* End PBXProject section */

/* Begin PBXResourcesBuildPhase section */
		0A1B2C3D4E5F60718293A4C1 /* Resources */ = {
			isa = PBXResourcesBuildPhase;
			buildActionMask = 2147483647;
			files = ();
			runOnlyForDeploymentPostprocessing = 0;
		};
/* End PBXResourcesBuildPhase section */

/* Begin PBXSourcesBuildPhase section */
		0A1B2C3D4E5F60718293A4C0 /* Sources */ = {
			isa = PBXSourcesBuildPhase;
			buildActionMask = 2147483647;
			files = (
				0A1B2C3D4E5F60718293A4B7 /* App.swift in Sources */,
				0A1B2C3D4E5F60718293A4B8 /* ContentView.swift in Sources */,
			);
			runOnlyForDeploymentPostprocessing = 0;
		};
/* End PBXSourcesBuildPhase section */

/* Begin XCBuildConfiguration section */
		0A1B2C3D4E5F60718293A4C4 /* Debug */ = {
			isa = XCBuildConfiguration;
			buildSettings = {
				ALWAYS_SEARCH_USER_PATHS = NO;
				ASSETCATALOG_COMPILER_GENERATE_SWIFT_ASSET_SYMBOL_EXTENSIONS = YES;
				CLANG_ENABLE_MODULES = YES;
				CODE_SIGNING_ALLOWED = NO;
				CODE_SIGN_STYLE = Automatic;
				CURRENT_PROJECT_VERSION = 1;
				DEVELOPMENT_TEAM = "";
				ENABLE_PREVIEWS = YES;
				GENERATE_INFOPLIST_FILE = NO;
				INFOPLIST_FILE = InterpolationApp/Info.plist;
				IPHONEOS_DEPLOYMENT_TARGET = 17.0;
				LD_RUNPATH_SEARCH_PATHS = "$(inherited) @executable_path/Frameworks";
				MARKETING_VERSION = 1.0;
				ONLY_ACTIVE_ARCH = YES;
				PRODUCT_BUNDLE_IDENTIFIER = com.dm034.interpolationapp.ios;
				PRODUCT_NAME = "$(TARGET_NAME)";
				SDKROOT = iphoneos;
				SWIFT_VERSION = 5.0;
				TARGETED_DEVICE_FAMILY = 1;
			};
			name = Debug;
		};
		0A1B2C3D4E5F60718293A4C5 /* Release */ = {
			isa = XCBuildConfiguration;
			buildSettings = {
				ALWAYS_SEARCH_USER_PATHS = NO;
				ASSETCATALOG_COMPILER_GENERATE_SWIFT_ASSET_SYMBOL_EXTENSIONS = YES;
				CLANG_ENABLE_MODULES = YES;
				CODE_SIGN_STYLE = Automatic;
				CURRENT_PROJECT_VERSION = 1;
				DEVELOPMENT_TEAM = "";
				GENERATE_INFOPLIST_FILE = NO;
				INFOPLIST_FILE = InterpolationApp/Info.plist;
				IPHONEOS_DEPLOYMENT_TARGET = 17.0;
				LD_RUNPATH_SEARCH_PATHS = "$(inherited) @executable_path/Frameworks";
				MARKETING_VERSION = 1.0;
				PRODUCT_BUNDLE_IDENTIFIER = com.dm034.interpolationapp.ios;
				PRODUCT_NAME = "$(TARGET_NAME)";
				SDKROOT = iphoneos;
				SWIFT_VERSION = 5.0;
				TARGETED_DEVICE_FAMILY = 1;
			};
			name = Release;
		};
		0A1B2C3D4E5F60718293A4C6 /* Debug */ = {
			isa = XCBuildConfiguration;
			buildSettings = {
				ALWAYS_SEARCH_USER_PATHS = NO;
				CLANG_ENABLE_MODULES = YES;
				CURRENT_PROJECT_VERSION = 1;
				DEVELOPMENT_TEAM = "";
				ENABLE_PREVIEWS = YES;
				MARKETING_VERSION = 1.0;
				SDKROOT = iphoneos;
				SWIFT_VERSION = 5.0;
			};
			name = Debug;
		};
		0A1B2C3D4E5F60718293A4C7 /* Release */ = {
			isa = XCBuildConfiguration;
			buildSettings = {
				ALWAYS_SEARCH_USER_PATHS = NO;
				CLANG_ENABLE_MODULES = YES;
				CURRENT_PROJECT_VERSION = 1;
				DEVELOPMENT_TEAM = "";
				MARKETING_VERSION = 1.0;
				SDKROOT = iphoneos;
				SWIFT_VERSION = 5.0;
			};
			name = Release;
		};
/* End XCBuildConfiguration section */

/* Begin XCConfigurationList section */
		0A1B2C3D4E5F60718293A4BF /* Build configuration list for PBXNativeTarget "InterpolationApp" */ = {
			isa = XCConfigurationList;
			buildConfigurations = (
				0A1B2C3D4E5F60718293A4C4 /* Debug */,
				0A1B2C3D4E5F60718293A4C5 /* Release */,
			);
			defaultConfigurationIsVisible = 0;
			defaultConfigurationName = Release;
		};
		0A1B2C3D4E5F60718293A4C3 /* Build configuration list for PBXProject "InterpolationApp" */ = {
			isa = XCConfigurationList;
			buildConfigurations = (
				0A1B2C3D4E5F60718293A4C6 /* Debug */,
				0A1B2C3D4E5F60718293A4C7 /* Release */,
			);
			defaultConfigurationIsVisible = 0;
			defaultConfigurationName = Release;
		};
/* End XCConfigurationList section */
	};
	rootObject = 0A1B2C3D4E5F60718293A4C2 /* Project object */;
}
